
Microsoft Visual Studio Solution File, Format Version 12.00
# Visual Studio Version 16
VisualStudioVersion = 16.0.29613.14
MinimumVisualStudioVersion = 10.0.40219.1
Project("{FAE04EC0-301F-11D3-BF4B-00C04F79EFBC}") = "BeautifulDestinations2.0", "BeautifulDestinations2.0\BeautifulDestinations2.0.csproj", "{BD4FC195-F25C-49CF-877E-4BF54D4BFBF9}"
EndProject
Global
	GlobalSection(SolutionConfigurationPlatforms) = preSolution
		Debug|Any CPU = Debug|Any CPU
		Release|Any CPU = Release|Any CPU
	EndGlobalSection
	GlobalSection(ProjectConfigurationPlatforms) = postSolution
		{BD4FC195-F25C-49CF-877E-4BF54D4BFBF9}.Debug|Any CPU.ActiveCfg = Debug|Any CPU
		{BD4FC195-F25C-49CF-877E-4BF54D4BFBF9}.Debug|Any CPU.Build.0 = Debug|Any CPU
		{BD4FC195-F25C-49CF-877E-4BF54D4BFBF9}.Release|Any CPU.ActiveCfg = Release|Any CPU
		{BD4FC195-F25C-49CF-877E-4BF54D4BFBF9}.Release|Any CPU.Build.0 = Release|Any CPU
	EndGlobalSection
	GlobalSection(SolutionProperties) = preSolution
		HideSolutionNode = FALSE
	EndGlobalSection
	GlobalSection(ExtensibilityGlobals) = postSolution
		SolutionGuid = {E0C91AC1-C746-47E6-8BD9-A82356F5B669}
	EndGlobalSection
EndGlobal
